
Microsoft Visual Studio Solution File, Format Version 12.00
# Visual Studio Version 16
VisualStudioVersion = 16.0.28803.202
MinimumVisualStudioVersion = 10.0.40219.1
Project("{2150E333-8FDC-42A3-9474-1A3956D46DE8}") = "Behavioral", "Behavioral", "{C5ED5D61-0747-4022-8406-15DA85A357BC}"
EndProject
Project("{2150E333-8FDC-42A3-9474-1A3956D46DE8}") = ".cleanic", ".cleanic", "{B11DA143-052B-4752-85A6-80643F6BCE17}"
EndProject
Project("{9A19103F-16F7-4668-BE54-9A1E7A4F7556}") = "Language", "..\src\core\language\Language.csproj", "{9F0A993E-3BBF-48F9-9439-AC6F21FAE993}"
EndProject
Project("{9A19103F-16F7-4668-BE54-9A1E7A4F7556}") = "Domain", "..\src\core\domain\Domain.csproj", "{372E6B4F-4305-4719-8D29-1A7E46F5103B}"
EndProject
Project("{9A19103F-16F7-4668-BE54-9A1E7A4F7556}") = "Views", "..\src\core\views\Views.csproj", "{A098D817-E74C-4729-BEA7-4ACC4E206EB2}"
EndProject
Project("{9A19103F-16F7-4668-BE54-9A1E7A4F7556}") = "ApplicationBase", "..\src\application\application-base\ApplicationBase.csproj", "{6E059EF7-4033-46E5-A57D-1C00BC2F1ACD}"
EndProject
Project("{9A19103F-16F7-4668-BE54-9A1E7A4F7556}") = "ReadApplication", "..\src\application\read-application\ReadApplication.csproj", "{4A294341-FA6F-4F2C-A8AC-7A3CD6504FB3}"
EndProject
Project("{9A19103F-16F7-4668-BE54-9A1E7A4F7556}") = "WriteApplication", "..\src\application\write-application\WriteApplication.csproj", "{BDD0CC8F-CA1C-4E5D-8C9A-BA38FFFD20DD}"
EndProject
Project("{9A19103F-16F7-4668-BE54-9A1E7A4F7556}") = "InMemory", "..\src\framework-adapters\in-memory\InMemory.csproj", "{70BB52BA-1252-4D57-ABD6-F6A313B130F2}"
EndProject
Project("{9A19103F-16F7-4668-BE54-9A1E7A4F7556}") = "Mongo", "..\src\framework-adapters\mongo\Mongo.csproj", "{1F3F8C56-EE07-4C70-A26A-EC9B11EEA937}"
EndProject
Project("{9A19103F-16F7-4668-BE54-9A1E7A4F7556}") = "Server", "..\src\framework-hosts\server\Server.csproj", "{AF9262A9-359E-48EF-B335-811DFDC8BB6D}"
EndProject
Project("{2150E333-8FDC-42A3-9474-1A3956D46DE8}") = "Units", "Units", "{8E05E080-E21F-4CA7-83B0-43A74A4BDF27}"
EndProject
Project("{9A19103F-16F7-4668-BE54-9A1E7A4F7556}") = "ApplicationBase.PortsSpecification", "application-base-ports-specification\ApplicationBase.PortsSpecification.csproj", "{C62E4FF3-FBD9-4852-9E99-A656CE00EBEB}"
EndProject
Project("{9A19103F-16F7-4668-BE54-9A1E7A4F7556}") = "ApplicationBase.Tests", "application-base-tests\ApplicationBase.Tests.csproj", "{A8BAAF3A-0837-4CED-8560-703856B2E103}"
EndProject
Project("{9A19103F-16F7-4668-BE54-9A1E7A4F7556}") = "InMemory.Tests", "in-memory-tests\InMemory.Tests.csproj", "{BCB836B1-A2BA-4FE3-A687-3B420E53AF73}"
EndProject
Project("{9A19103F-16F7-4668-BE54-9A1E7A4F7556}") = "Mongo.Tests", "mongo-tests\Mongo.Tests.csproj", "{CE9A24A9-4C89-4E79-8240-F9A138471172}"
EndProject
Global
	GlobalSection(SolutionConfigurationPlatforms) = preSolution
		Debug|Any CPU = Debug|Any CPU
		Release|Any CPU = Release|Any CPU
	EndGlobalSection
	GlobalSection(ProjectConfigurationPlatforms) = postSolution
		{9F0A993E-3BBF-48F9-9439-AC6F21FAE993}.Debug|Any CPU.ActiveCfg = Debug|Any CPU
		{9F0A993E-3BBF-48F9-9439-AC6F21FAE993}.Debug|Any CPU.Build.0 = Debug|Any CPU
		{9F0A993E-3BBF-48F9-9439-AC6F21FAE993}.Release|Any CPU.ActiveCfg = Release|Any CPU
		{9F0A993E-3BBF-48F9-9439-AC6F21FAE993}.Release|Any CPU.Build.0 = Release|Any CPU
		{372E6B4F-4305-4719-8D29-1A7E46F5103B}.Debug|Any CPU.ActiveCfg = Debug|Any CPU
		{372E6B4F-4305-4719-8D29-1A7E46F5103B}.Debug|Any CPU.Build.0 = Debug|Any CPU
		{372E6B4F-4305-4719-8D29-1A7E46F5103B}.Release|Any CPU.ActiveCfg = Release|Any CPU
		{372E6B4F-4305-4719-8D29-1A7E46F5103B}.Release|Any CPU.Build.0 = Release|Any CPU
		{A098D817-E74C-4729-BEA7-4ACC4E206EB2}.Debug|Any CPU.ActiveCfg = Debug|Any CPU
		{A098D817-E74C-4729-BEA7-4ACC4E206EB2}.Debug|Any CPU.Build.0 = Debug|Any CPU
		{A098D817-E74C-4729-BEA7-4ACC4E206EB2}.Release|Any CPU.ActiveCfg = Release|Any CPU
		{A098D817-E74C-4729-BEA7-4ACC4E206EB2}.Release|Any CPU.Build.0 = Release|Any CPU
		{6E059EF7-4033-46E5-A57D-1C00BC2F1ACD}.Debug|Any CPU.ActiveCfg = Debug|Any CPU
		{6E059EF7-4033-46E5-A57D-1C00BC2F1ACD}.Debug|Any CPU.Build.0 = Debug|Any CPU
		{6E059EF7-4033-46E5-A57D-1C00BC2F1ACD}.Release|Any CPU.ActiveCfg = Release|Any CPU
		{6E059EF7-4033-46E5-A57D-1C00BC2F1ACD}.Release|Any CPU.Build.0 = Release|Any CPU
		{4A294341-FA6F-4F2C-A8AC-7A3CD6504FB3}.Debug|Any CPU.ActiveCfg = Debug|Any CPU
		{4A294341-FA6F-4F2C-A8AC-7A3CD6504FB3}.Debug|Any CPU.Build.0 = Debug|Any CPU
		{4A294341-FA6F-4F2C-A8AC-7A3CD6504FB3}.Release|Any CPU.ActiveCfg = Release|Any CPU
		{4A294341-FA6F-4F2C-A8AC-7A3CD6504FB3}.Release|Any CPU.Build.0 = Release|Any CPU
		{BDD0CC8F-CA1C-4E5D-8C9A-BA38FFFD20DD}.Debug|Any CPU.ActiveCfg = Debug|Any CPU
		{BDD0CC8F-CA1C-4E5D-8C9A-BA38FFFD20DD}.Debug|Any CPU.Build.0 = Debug|Any CPU
		{BDD0CC8F-CA1C-4E5D-8C9A-BA38FFFD20DD}.Release|Any CPU.ActiveCfg = Release|Any CPU
		{BDD0CC8F-CA1C-4E5D-8C9A-BA38FFFD20DD}.Release|Any CPU.Build.0 = Release|Any CPU
		{70BB52BA-1252-4D57-ABD6-F6A313B130F2}.Debug|Any CPU.ActiveCfg = Debug|Any CPU
		{70BB52BA-1252-4D57-ABD6-F6A313B130F2}.Debug|Any CPU.Build.0 = Debug|Any CPU
		{70BB52BA-1252-4D57-ABD6-F6A313B130F2}.Release|Any CPU.ActiveCfg = Release|Any CPU
		{70BB52BA-1252-4D57-ABD6-F6A313B130F2}.Release|Any CPU.Build.0 = Release|Any CPU
		{1F3F8C56-EE07-4C70-A26A-EC9B11EEA937}.Debug|Any CPU.ActiveCfg = Debug|Any CPU
		{1F3F8C56-EE07-4C70-A26A-EC9B11EEA937}.Debug|Any CPU.Build.0 = Debug|Any CPU
		{1F3F8C56-EE07-4C70-A26A-EC9B11EEA937}.Release|Any CPU.ActiveCfg = Release|Any CPU
		{1F3F8C56-EE07-4C70-A26A-EC9B11EEA937}.Release|Any CPU.Build.0 = Release|Any CPU
		{AF9262A9-359E-48EF-B335-811DFDC8BB6D}.Debug|Any CPU.ActiveCfg = Debug|Any CPU
		{AF9262A9-359E-48EF-B335-811DFDC8BB6D}.Debug|Any CPU.Build.0 = Debug|Any CPU
		{AF9262A9-359E-48EF-B335-811DFDC8BB6D}.Release|Any CPU.ActiveCfg = Release|Any CPU
		{AF9262A9-359E-48EF-B335-811DFDC8BB6D}.Release|Any CPU.Build.0 = Release|Any CPU
		{C62E4FF3-FBD9-4852-9E99-A656CE00EBEB}.Debug|Any CPU.ActiveCfg = Debug|Any CPU
		{C62E4FF3-FBD9-4852-9E99-A656CE00EBEB}.Debug|Any CPU.Build.0 = Debug|Any CPU
		{C62E4FF3-FBD9-4852-9E99-A656CE00EBEB}.Release|Any CPU.ActiveCfg = Release|Any CPU
		{C62E4FF3-FBD9-4852-9E99-A656CE00EBEB}.Release|Any CPU.Build.0 = Release|Any CPU
		{A8BAAF3A-0837-4CED-8560-703856B2E103}.Debug|Any CPU.ActiveCfg = Debug|Any CPU
		{A8BAAF3A-0837-4CED-8560-703856B2E103}.Debug|Any CPU.Build.0 = Debug|Any CPU
		{A8BAAF3A-0837-4CED-8560-703856B2E103}.Release|Any CPU.ActiveCfg = Release|Any CPU
		{A8BAAF3A-0837-4CED-8560-703856B2E103}.Release|Any CPU.Build.0 = Release|Any CPU
		{BCB836B1-A2BA-4FE3-A687-3B420E53AF73}.Debug|Any CPU.ActiveCfg = Debug|Any CPU
		{BCB836B1-A2BA-4FE3-A687-3B420E53AF73}.Debug|Any CPU.Build.0 = Debug|Any CPU
		{BCB836B1-A2BA-4FE3-A687-3B420E53AF73}.Release|Any CPU.ActiveCfg = Release|Any CPU
		{BCB836B1-A2BA-4FE3-A687-3B420E53AF73}.Release|Any CPU.Build.0 = Release|Any CPU
		{CE9A24A9-4C89-4E79-8240-F9A138471172}.Debug|Any CPU.ActiveCfg = Debug|Any CPU
		{CE9A24A9-4C89-4E79-8240-F9A138471172}.Debug|Any CPU.Build.0 = Debug|Any CPU
		{CE9A24A9-4C89-4E79-8240-F9A138471172}.Release|Any CPU.ActiveCfg = Release|Any CPU
		{CE9A24A9-4C89-4E79-8240-F9A138471172}.Release|Any CPU.Build.0 = Release|Any CPU
	EndGlobalSection
	GlobalSection(SolutionProperties) = preSolution
		HideSolutionNode = FALSE
	EndGlobalSection
	GlobalSection(NestedProjects) = preSolution
		{9F0A993E-3BBF-48F9-9439-AC6F21FAE993} = {B11DA143-052B-4752-85A6-80643F6BCE17}
		{372E6B4F-4305-4719-8D29-1A7E46F5103B} = {B11DA143-052B-4752-85A6-80643F6BCE17}
		{A098D817-E74C-4729-BEA7-4ACC4E206EB2} = {B11DA143-052B-4752-85A6-80643F6BCE17}
		{6E059EF7-4033-46E5-A57D-1C00BC2F1ACD} = {B11DA143-052B-4752-85A6-80643F6BCE17}
		{4A294341-FA6F-4F2C-A8AC-7A3CD6504FB3} = {B11DA143-052B-4752-85A6-80643F6BCE17}
		{BDD0CC8F-CA1C-4E5D-8C9A-BA38FFFD20DD} = {B11DA143-052B-4752-85A6-80643F6BCE17}
		{70BB52BA-1252-4D57-ABD6-F6A313B130F2} = {B11DA143-052B-4752-85A6-80643F6BCE17}
		{1F3F8C56-EE07-4C70-A26A-EC9B11EEA937} = {B11DA143-052B-4752-85A6-80643F6BCE17}
		{AF9262A9-359E-48EF-B335-811DFDC8BB6D} = {B11DA143-052B-4752-85A6-80643F6BCE17}
		{C62E4FF3-FBD9-4852-9E99-A656CE00EBEB} = {8E05E080-E21F-4CA7-83B0-43A74A4BDF27}
		{A8BAAF3A-0837-4CED-8560-703856B2E103} = {8E05E080-E21F-4CA7-83B0-43A74A4BDF27}
		{BCB836B1-A2BA-4FE3-A687-3B420E53AF73} = {8E05E080-E21F-4CA7-83B0-43A74A4BDF27}
		{CE9A24A9-4C89-4E79-8240-F9A138471172} = {8E05E080-E21F-4CA7-83B0-43A74A4BDF27}
	EndGlobalSection
	GlobalSection(ExtensibilityGlobals) = postSolution
		SolutionGuid = {AFA57DA0-038A-4E48-B951-50D7FA4A42DF}
	EndGlobalSection
EndGlobal
