
Microsoft Visual Studio Solution File, Format Version 12.00
# Visual Studio Version 16
VisualStudioVersion = 16.0.28803.202
MinimumVisualStudioVersion = 10.0.40219.1
Project("{2150E333-8FDC-42A3-9474-1A3956D46DE8}") = "Core", "Core", "{C5ED5D61-0747-4022-8406-15DA85A357BC}"
EndProject
Project("{2150E333-8FDC-42A3-9474-1A3956D46DE8}") = "Application", "Application", "{B11DA143-052B-4752-85A6-80643F6BCE17}"
EndProject
Project("{2150E333-8FDC-42A3-9474-1A3956D46DE8}") = "Framework.Hosts", "Framework.Hosts", "{72F3450B-1920-4E70-AEF9-E2C59339CF20}"
EndProject
Project("{2150E333-8FDC-42A3-9474-1A3956D46DE8}") = "Framework.Adapters", "Framework.Adapters", "{0076ACD3-AE1B-42FC-A43E-B7CDD18273E6}"
EndProject
Project("{9A19103F-16F7-4668-BE54-9A1E7A4F7556}") = "Language", "core\language\Language.csproj", "{9F0A993E-3BBF-48F9-9439-AC6F21FAE993}"
EndProject
Project("{9A19103F-16F7-4668-BE54-9A1E7A4F7556}") = "Domain", "core\domain\Domain.csproj", "{372E6B4F-4305-4719-8D29-1A7E46F5103B}"
EndProject
Project("{9A19103F-16F7-4668-BE54-9A1E7A4F7556}") = "Views", "core\views\Views.csproj", "{A098D817-E74C-4729-BEA7-4ACC4E206EB2}"
EndProject
Project("{9A19103F-16F7-4668-BE54-9A1E7A4F7556}") = "ApplicationBase", "application\application-base\ApplicationBase.csproj", "{6E059EF7-4033-46E5-A57D-1C00BC2F1ACD}"
EndProject
Project("{9A19103F-16F7-4668-BE54-9A1E7A4F7556}") = "ReadApplication", "application\read-application\ReadApplication.csproj", "{4A294341-FA6F-4F2C-A8AC-7A3CD6504FB3}"
EndProject
Project("{9A19103F-16F7-4668-BE54-9A1E7A4F7556}") = "WriteApplication", "application\write-application\WriteApplication.csproj", "{BDD0CC8F-CA1C-4E5D-8C9A-BA38FFFD20DD}"
EndProject
Project("{9A19103F-16F7-4668-BE54-9A1E7A4F7556}") = "InMemory", "framework-adapters\in-memory\InMemory.csproj", "{70BB52BA-1252-4D57-ABD6-F6A313B130F2}"
EndProject
Project("{9A19103F-16F7-4668-BE54-9A1E7A4F7556}") = "Mongo", "framework-adapters\mongo\Mongo.csproj", "{1F3F8C56-EE07-4C70-A26A-EC9B11EEA937}"
EndProject
Project("{9A19103F-16F7-4668-BE54-9A1E7A4F7556}") = "Server", "framework-hosts\server\Server.csproj", "{AF9262A9-359E-48EF-B335-811DFDC8BB6D}"
EndProject
Global
	GlobalSection(SolutionConfigurationPlatforms) = preSolution
		Debug|Any CPU = Debug|Any CPU
		Release|Any CPU = Release|Any CPU
	EndGlobalSection
	GlobalSection(ProjectConfigurationPlatforms) = postSolution
		{9F0A993E-3BBF-48F9-9439-AC6F21FAE993}.Debug|Any CPU.ActiveCfg = Debug|Any CPU
		{9F0A993E-3BBF-48F9-9439-AC6F21FAE993}.Debug|Any CPU.Build.0 = Debug|Any CPU
		{9F0A993E-3BBF-48F9-9439-AC6F21FAE993}.Release|Any CPU.ActiveCfg = Release|Any CPU
		{9F0A993E-3BBF-48F9-9439-AC6F21FAE993}.Release|Any CPU.Build.0 = Release|Any CPU
		{372E6B4F-4305-4719-8D29-1A7E46F5103B}.Debug|Any CPU.ActiveCfg = Debug|Any CPU
		{372E6B4F-4305-4719-8D29-1A7E46F5103B}.Debug|Any CPU.Build.0 = Debug|Any CPU
		{372E6B4F-4305-4719-8D29-1A7E46F5103B}.Release|Any CPU.ActiveCfg = Release|Any CPU
		{372E6B4F-4305-4719-8D29-1A7E46F5103B}.Release|Any CPU.Build.0 = Release|Any CPU
		{A098D817-E74C-4729-BEA7-4ACC4E206EB2}.Debug|Any CPU.ActiveCfg = Debug|Any CPU
		{A098D817-E74C-4729-BEA7-4ACC4E206EB2}.Debug|Any CPU.Build.0 = Debug|Any CPU
		{A098D817-E74C-4729-BEA7-4ACC4E206EB2}.Release|Any CPU.ActiveCfg = Release|Any CPU
		{A098D817-E74C-4729-BEA7-4ACC4E206EB2}.Release|Any CPU.Build.0 = Release|Any CPU
		{6E059EF7-4033-46E5-A57D-1C00BC2F1ACD}.Debug|Any CPU.ActiveCfg = Debug|Any CPU
		{6E059EF7-4033-46E5-A57D-1C00BC2F1ACD}.Debug|Any CPU.Build.0 = Debug|Any CPU
		{6E059EF7-4033-46E5-A57D-1C00BC2F1ACD}.Release|Any CPU.ActiveCfg = Release|Any CPU
		{6E059EF7-4033-46E5-A57D-1C00BC2F1ACD}.Release|Any CPU.Build.0 = Release|Any CPU
		{4A294341-FA6F-4F2C-A8AC-7A3CD6504FB3}.Debug|Any CPU.ActiveCfg = Debug|Any CPU
		{4A294341-FA6F-4F2C-A8AC-7A3CD6504FB3}.Debug|Any CPU.Build.0 = Debug|Any CPU
		{4A294341-FA6F-4F2C-A8AC-7A3CD6504FB3}.Release|Any CPU.ActiveCfg = Release|Any CPU
		{4A294341-FA6F-4F2C-A8AC-7A3CD6504FB3}.Release|Any CPU.Build.0 = Release|Any CPU
		{BDD0CC8F-CA1C-4E5D-8C9A-BA38FFFD20DD}.Debug|Any CPU.ActiveCfg = Debug|Any CPU
		{BDD0CC8F-CA1C-4E5D-8C9A-BA38FFFD20DD}.Debug|Any CPU.Build.0 = Debug|Any CPU
		{BDD0CC8F-CA1C-4E5D-8C9A-BA38FFFD20DD}.Release|Any CPU.ActiveCfg = Release|Any CPU
		{BDD0CC8F-CA1C-4E5D-8C9A-BA38FFFD20DD}.Release|Any CPU.Build.0 = Release|Any CPU
		{70BB52BA-1252-4D57-ABD6-F6A313B130F2}.Debug|Any CPU.ActiveCfg = Debug|Any CPU
		{70BB52BA-1252-4D57-ABD6-F6A313B130F2}.Debug|Any CPU.Build.0 = Debug|Any CPU
		{70BB52BA-1252-4D57-ABD6-F6A313B130F2}.Release|Any CPU.ActiveCfg = Release|Any CPU
		{70BB52BA-1252-4D57-ABD6-F6A313B130F2}.Release|Any CPU.Build.0 = Release|Any CPU
		{1F3F8C56-EE07-4C70-A26A-EC9B11EEA937}.Debug|Any CPU.ActiveCfg = Debug|Any CPU
		{1F3F8C56-EE07-4C70-A26A-EC9B11EEA937}.Debug|Any CPU.Build.0 = Debug|Any CPU
		{1F3F8C56-EE07-4C70-A26A-EC9B11EEA937}.Release|Any CPU.ActiveCfg = Release|Any CPU
		{1F3F8C56-EE07-4C70-A26A-EC9B11EEA937}.Release|Any CPU.Build.0 = Release|Any CPU
		{AF9262A9-359E-48EF-B335-811DFDC8BB6D}.Debug|Any CPU.ActiveCfg = Debug|Any CPU
		{AF9262A9-359E-48EF-B335-811DFDC8BB6D}.Debug|Any CPU.Build.0 = Debug|Any CPU
		{AF9262A9-359E-48EF-B335-811DFDC8BB6D}.Release|Any CPU.ActiveCfg = Release|Any CPU
		{AF9262A9-359E-48EF-B335-811DFDC8BB6D}.Release|Any CPU.Build.0 = Release|Any CPU
	EndGlobalSection
	GlobalSection(SolutionProperties) = preSolution
		HideSolutionNode = FALSE
	EndGlobalSection
	GlobalSection(NestedProjects) = preSolution
		{9F0A993E-3BBF-48F9-9439-AC6F21FAE993} = {C5ED5D61-0747-4022-8406-15DA85A357BC}
		{372E6B4F-4305-4719-8D29-1A7E46F5103B} = {C5ED5D61-0747-4022-8406-15DA85A357BC}
		{A098D817-E74C-4729-BEA7-4ACC4E206EB2} = {C5ED5D61-0747-4022-8406-15DA85A357BC}
		{6E059EF7-4033-46E5-A57D-1C00BC2F1ACD} = {B11DA143-052B-4752-85A6-80643F6BCE17}
		{4A294341-FA6F-4F2C-A8AC-7A3CD6504FB3} = {B11DA143-052B-4752-85A6-80643F6BCE17}
		{BDD0CC8F-CA1C-4E5D-8C9A-BA38FFFD20DD} = {B11DA143-052B-4752-85A6-80643F6BCE17}
		{70BB52BA-1252-4D57-ABD6-F6A313B130F2} = {0076ACD3-AE1B-42FC-A43E-B7CDD18273E6}
		{1F3F8C56-EE07-4C70-A26A-EC9B11EEA937} = {0076ACD3-AE1B-42FC-A43E-B7CDD18273E6}
		{AF9262A9-359E-48EF-B335-811DFDC8BB6D} = {72F3450B-1920-4E70-AEF9-E2C59339CF20}
	EndGlobalSection
	GlobalSection(ExtensibilityGlobals) = postSolution
		SolutionGuid = {AFA57DA0-038A-4E48-B951-50D7FA4A42DF}
	EndGlobalSection
EndGlobal
